// !$*UTF8*$!
{
	archiveVersion = 1;
	classes = {
	};
	objectVersion = 63;
	objects = {

/* Begin PBXBuildFile section */
		B93EA65D2BDC7FCB00992493 /* ObservedColorValuesView.swift in Sources */ = {isa = PBXBuildFile; fileRef = B93EA65C2BDC7FCB00992493 /* ObservedColorValuesView.swift */; };
		B93EA65F2BDC80CF00992493 /* ObservableColorValueSliderView.swift in Sources */ = {isa = PBXBuildFile; fileRef = B93EA65E2BDC80CF00992493 /* ObservableColorValueSliderView.swift */; };
		B93EA6632BDCE3B600992493 /* ObservableColorValues.swift in Sources */ = {isa = PBXBuildFile; fileRef = B93EA6622BDCE3B600992493 /* ObservableColorValues.swift */; };
		B93EA6652BDD293A00992493 /* ContentView.swift in Sources */ = {isa = PBXBuildFile; fileRef = B93EA6642BDD293A00992493 /* ContentView.swift */; };
		B93EA6682BDE20C500992493 /* ColorSamplesStepperView.swift in Sources */ = {isa = PBXBuildFile; fileRef = B93EA6672BDE20C500992493 /* ColorSamplesStepperView.swift */; };
		B93EA66C2BDEFF0600992493 /* LayoutPlayground.swift in Sources */ = {isa = PBXBuildFile; fileRef = B93EA66B2BDEFF0600992493 /* LayoutPlayground.swift */; };
		B95190022BDFAACB00A6F981 /* Algorithms in Frameworks */ = {isa = PBXBuildFile; productRef = B95190012BDFAACB00A6F981 /* Algorithms */; };
		B9DA18482BDA3AAB008A6E10 /* AccessibilityColorPickerApp.swift in Sources */ = {isa = PBXBuildFile; fileRef = B9DA18472BDA3AAB008A6E10 /* AccessibilityColorPickerApp.swift */; };
		B9DA184C2BDA3AAC008A6E10 /* Assets.xcassets in Resources */ = {isa = PBXBuildFile; fileRef = B9DA184B2BDA3AAC008A6E10 /* Assets.xcassets */; };
		B9DA184F2BDA3AAC008A6E10 /* Preview Assets.xcassets in Resources */ = {isa = PBXBuildFile; fileRef = B9DA184E2BDA3AAC008A6E10 /* Preview Assets.xcassets */; };
		B9DDA6002BE100AA008370FF /* SwiftUIView.swift in Sources */ = {isa = PBXBuildFile; fileRef = B9DDA5FF2BE100AA008370FF /* SwiftUIView.swift */; };
/* End PBXBuildFile section */

/* Begin PBXFileReference section */
		B93EA65C2BDC7FCB00992493 /* ObservedColorValuesView.swift */ = {isa = PBXFileReference; lastKnownFileType = sourcecode.swift; path = ObservedColorValuesView.swift; sourceTree = "<group>"; };
		B93EA65E2BDC80CF00992493 /* ObservableColorValueSliderView.swift */ = {isa = PBXFileReference; lastKnownFileType = sourcecode.swift; path = ObservableColorValueSliderView.swift; sourceTree = "<group>"; };
		B93EA6622BDCE3B600992493 /* ObservableColorValues.swift */ = {isa = PBXFileReference; fileEncoding = 4; lastKnownFileType = sourcecode.swift; path = ObservableColorValues.swift; sourceTree = "<group>"; };
		B93EA6642BDD293A00992493 /* ContentView.swift */ = {isa = PBXFileReference; lastKnownFileType = sourcecode.swift; path = ContentView.swift; sourceTree = "<group>"; };
		B93EA6672BDE20C500992493 /* ColorSamplesStepperView.swift */ = {isa = PBXFileReference; lastKnownFileType = sourcecode.swift; path = ColorSamplesStepperView.swift; sourceTree = "<group>"; };
		B93EA66B2BDEFF0600992493 /* LayoutPlayground.swift */ = {isa = PBXFileReference; lastKnownFileType = sourcecode.swift; path = LayoutPlayground.swift; sourceTree = "<group>"; };
		B9DA18442BDA3AAB008A6E10 /* AccessibilityColorPicker.app */ = {isa = PBXFileReference; explicitFileType = wrapper.application; includeInIndex = 0; path = AccessibilityColorPicker.app; sourceTree = BUILT_PRODUCTS_DIR; };
		B9DA18472BDA3AAB008A6E10 /* AccessibilityColorPickerApp.swift */ = {isa = PBXFileReference; lastKnownFileType = sourcecode.swift; path = AccessibilityColorPickerApp.swift; sourceTree = "<group>"; };
		B9DA184B2BDA3AAC008A6E10 /* Assets.xcassets */ = {isa = PBXFileReference; lastKnownFileType = folder.assetcatalog; path = Assets.xcassets; sourceTree = "<group>"; };
		B9DA184E2BDA3AAC008A6E10 /* Preview Assets.xcassets */ = {isa = PBXFileReference; lastKnownFileType = folder.assetcatalog; path = "Preview Assets.xcassets"; sourceTree = "<group>"; };
		B9DDA5FF2BE100AA008370FF /* SwiftUIView.swift */ = {isa = PBXFileReference; lastKnownFileType = sourcecode.swift; path = SwiftUIView.swift; sourceTree = "<group>"; };
/* End PBXFileReference section */

/* Begin PBXFrameworksBuildPhase section */
		B9DA18412BDA3AAB008A6E10 /* Frameworks */ = {
			isa = PBXFrameworksBuildPhase;
			buildActionMask = 2147483647;
			files = (
				B95190022BDFAACB00A6F981 /* Algorithms in Frameworks */,
			);
			runOnlyForDeploymentPostprocessing = 0;
		};
/* End PBXFrameworksBuildPhase section */

/* Begin PBXGroup section */
		B9DA183B2BDA3AAB008A6E10 = {
			isa = PBXGroup;
			children = (
				B9DA18462BDA3AAB008A6E10 /* AccessibilityColorPicker */,
				B9DA18452BDA3AAB008A6E10 /* Products */,
			);
			sourceTree = "<group>";
		};
		B9DA18452BDA3AAB008A6E10 /* Products */ = {
			isa = PBXGroup;
			children = (
				B9DA18442BDA3AAB008A6E10 /* AccessibilityColorPicker.app */,
			);
			name = Products;
			sourceTree = "<group>";
		};
		B9DA18462BDA3AAB008A6E10 /* AccessibilityColorPicker */ = {
			isa = PBXGroup;
			children = (
				B93EA6642BDD293A00992493 /* ContentView.swift */,
				B9DDA5FF2BE100AA008370FF /* SwiftUIView.swift */,
				B93EA66B2BDEFF0600992493 /* LayoutPlayground.swift */,
				B93EA6622BDCE3B600992493 /* ObservableColorValues.swift */,
				B93EA65C2BDC7FCB00992493 /* ObservedColorValuesView.swift */,
				B9DA18472BDA3AAB008A6E10 /* AccessibilityColorPickerApp.swift */,
				B93EA6672BDE20C500992493 /* ColorSamplesStepperView.swift */,
				B93EA65E2BDC80CF00992493 /* ObservableColorValueSliderView.swift */,
				B9DA184B2BDA3AAC008A6E10 /* Assets.xcassets */,
				B9DA184D2BDA3AAC008A6E10 /* Preview Content */,
			);
			path = AccessibilityColorPicker;
			sourceTree = "<group>";
		};
		B9DA184D2BDA3AAC008A6E10 /* Preview Content */ = {
			isa = PBXGroup;
			children = (
				B9DA184E2BDA3AAC008A6E10 /* Preview Assets.xcassets */,
			);
			path = "Preview Content";
			sourceTree = "<group>";
		};
/* End PBXGroup section */

/* Begin PBXNativeTarget section */
		B9DA18432BDA3AAB008A6E10 /* AccessibilityColorPicker */ = {
			isa = PBXNativeTarget;
			buildConfigurationList = B9DA18522BDA3AAC008A6E10 /* Build configuration list for PBXNativeTarget "AccessibilityColorPicker" */;
			buildPhases = (
				B9DA18402BDA3AAB008A6E10 /* Sources */,
				B9DA18412BDA3AAB008A6E10 /* Frameworks */,
				B9DA18422BDA3AAB008A6E10 /* Resources */,
			);
			buildRules = (
			);
			dependencies = (
			);
			name = AccessibilityColorPicker;
			packageProductDependencies = (
				B95190012BDFAACB00A6F981 /* Algorithms */,
			);
			productName = AccessibilityColorPicker;
			productReference = B9DA18442BDA3AAB008A6E10 /* AccessibilityColorPicker.app */;
			productType = "com.apple.product-type.application";
		};
/* End PBXNativeTarget section */

/* Begin PBXProject section */
		B9DA183C2BDA3AAB008A6E10 /* Project object */ = {
			isa = PBXProject;
			attributes = {
				BuildIndependentTargetsInParallel = 1;
				LastSwiftUpdateCheck = 1530;
				LastUpgradeCheck = 1530;
				TargetAttributes = {
					B9DA18432BDA3AAB008A6E10 = {
						CreatedOnToolsVersion = 15.3;
					};
				};
			};
			buildConfigurationList = B9DA183F2BDA3AAB008A6E10 /* Build configuration list for PBXProject "AccessibilityColorPicker" */;
			compatibilityVersion = "Xcode 15.3";
			developmentRegion = en;
			hasScannedForEncodings = 0;
			knownRegions = (
				en,
				Base,
			);
			mainGroup = B9DA183B2BDA3AAB008A6E10;
			packageReferences = (
				B95190002BDFAACB00A6F981 /* XCRemoteSwiftPackageReference "swift-algorithms" */,
			);
			productRefGroup = B9DA18452BDA3AAB008A6E10 /* Products */;
			projectDirPath = "";
			projectRoot = "";
			targets = (
				B9DA18432BDA3AAB008A6E10 /* AccessibilityColorPicker */,
			);
		};
/* End PBXProject section */

/* Begin PBXResourcesBuildPhase section */
		B9DA18422BDA3AAB008A6E10 /* Resources */ = {
			isa = PBXResourcesBuildPhase;
			buildActionMask = 2147483647;
			files = (
				B9DA184F2BDA3AAC008A6E10 /* Preview Assets.xcassets in Resources */,
				B9DA184C2BDA3AAC008A6E10 /* Assets.xcassets in Resources */,
			);
			runOnlyForDeploymentPostprocessing = 0;
		};
/* End PBXResourcesBuildPhase section */

/* Begin PBXSourcesBuildPhase section */
		B9DA18402BDA3AAB008A6E10 /* Sources */ = {
			isa = PBXSourcesBuildPhase;
			buildActionMask = 2147483647;
			files = (
				B93EA65F2BDC80CF00992493 /* ObservableColorValueSliderView.swift in Sources */,
				B93EA65D2BDC7FCB00992493 /* ObservedColorValuesView.swift in Sources */,
				B9DDA6002BE100AA008370FF /* SwiftUIView.swift in Sources */,
				B93EA6682BDE20C500992493 /* ColorSamplesStepperView.swift in Sources */,
				B9DA18482BDA3AAB008A6E10 /* AccessibilityColorPickerApp.swift in Sources */,
				B93EA6652BDD293A00992493 /* ContentView.swift in Sources */,
				B93EA6632BDCE3B600992493 /* ObservableColorValues.swift in Sources */,
				B93EA66C2BDEFF0600992493 /* LayoutPlayground.swift in Sources */,
			);
			runOnlyForDeploymentPostprocessing = 0;
		};
/* End PBXSourcesBuildPhase section */

/* Begin XCBuildConfiguration section */
		B9DA18502BDA3AAC008A6E10 /* Debug */ = {
			isa = XCBuildConfiguration;
			buildSettings = {
				ALWAYS_SEARCH_USER_PATHS = NO;
				ASSETCATALOG_COMPILER_GENERATE_SWIFT_ASSET_SYMBOL_EXTENSIONS = YES;
				CLANG_ANALYZER_NONNULL = YES;
				CLANG_ANALYZER_NUMBER_OBJECT_CONVERSION = YES_AGGRESSIVE;
				CLANG_CXX_LANGUAGE_STANDARD = "gnu++20";
				CLANG_ENABLE_MODULES = YES;
				CLANG_ENABLE_OBJC_ARC = YES;
				CLANG_ENABLE_OBJC_WEAK = YES;
				CLANG_WARN_BLOCK_CAPTURE_AUTORELEASING = YES;
				CLANG_WARN_BOOL_CONVERSION = YES;
				CLANG_WARN_COMMA = YES;
				CLANG_WARN_CONSTANT_CONVERSION = YES;
				CLANG_WARN_DEPRECATED_OBJC_IMPLEMENTATIONS = YES;
				CLANG_WARN_DIRECT_OBJC_ISA_USAGE = YES_ERROR;
				CLANG_WARN_DOCUMENTATION_COMMENTS = YES;
				CLANG_WARN_EMPTY_BODY = YES;
				CLANG_WARN_ENUM_CONVERSION = YES;
				CLANG_WARN_INFINITE_RECURSION = YES;
				CLANG_WARN_INT_CONVERSION = YES;
				CLANG_WARN_NON_LITERAL_NULL_CONVERSION = YES;
				CLANG_WARN_OBJC_IMPLICIT_RETAIN_SELF = YES;
				CLANG_WARN_OBJC_LITERAL_CONVERSION = YES;
				CLANG_WARN_OBJC_ROOT_CLASS = YES_ERROR;
				CLANG_WARN_QUOTED_INCLUDE_IN_FRAMEWORK_HEADER = YES;
				CLANG_WARN_RANGE_LOOP_ANALYSIS = YES;
				CLANG_WARN_STRICT_PROTOTYPES = YES;
				CLANG_WARN_SUSPICIOUS_MOVE = YES;
				CLANG_WARN_UNGUARDED_AVAILABILITY = YES_AGGRESSIVE;
				CLANG_WARN_UNREACHABLE_CODE = YES;
				CLANG_WARN__DUPLICATE_METHOD_MATCH = YES;
				COPY_PHASE_STRIP = NO;
				DEBUG_INFORMATION_FORMAT = dwarf;
				ENABLE_STRICT_OBJC_MSGSEND = YES;
				ENABLE_TESTABILITY = YES;
				ENABLE_USER_SCRIPT_SANDBOXING = YES;
				GCC_C_LANGUAGE_STANDARD = gnu17;
				GCC_DYNAMIC_NO_PIC = NO;
				GCC_NO_COMMON_BLOCKS = YES;
				GCC_OPTIMIZATION_LEVEL = 0;
				GCC_PREPROCESSOR_DEFINITIONS = (
					"DEBUG=1",
					"$(inherited)",
				);
				GCC_WARN_64_TO_32_BIT_CONVERSION = YES;
				GCC_WARN_ABOUT_RETURN_TYPE = YES_ERROR;
				GCC_WARN_UNDECLARED_SELECTOR = YES;
				GCC_WARN_UNINITIALIZED_AUTOS = YES_AGGRESSIVE;
				GCC_WARN_UNUSED_FUNCTION = YES;
				GCC_WARN_UNUSED_VARIABLE = YES;
				IPHONEOS_DEPLOYMENT_TARGET = 17.4;
				LOCALIZATION_PREFERS_STRING_CATALOGS = YES;
				MTL_ENABLE_DEBUG_INFO = INCLUDE_SOURCE;
				MTL_FAST_MATH = YES;
				ONLY_ACTIVE_ARCH = YES;
				SDKROOT = iphoneos;
				SWIFT_ACTIVE_COMPILATION_CONDITIONS = "DEBUG $(inherited)";
				SWIFT_OPTIMIZATION_LEVEL = "-Onone";
			};
			name = Debug;
		};
		B9DA18512BDA3AAC008A6E10 /* Release */ = {
			isa = XCBuildConfiguration;
			buildSettings = {
				ALWAYS_SEARCH_USER_PATHS = NO;
				ASSETCATALOG_COMPILER_GENERATE_SWIFT_ASSET_SYMBOL_EXTENSIONS = YES;
				CLANG_ANALYZER_NONNULL = YES;
				CLANG_ANALYZER_NUMBER_OBJECT_CONVERSION = YES_AGGRESSIVE;
				CLANG_CXX_LANGUAGE_STANDARD = "gnu++20";
				CLANG_ENABLE_MODULES = YES;
				CLANG_ENABLE_OBJC_ARC = YES;
				CLANG_ENABLE_OBJC_WEAK = YES;
				CLANG_WARN_BLOCK_CAPTURE_AUTORELEASING = YES;
				CLANG_WARN_BOOL_CONVERSION = YES;
				CLANG_WARN_COMMA = YES;
				CLANG_WARN_CONSTANT_CONVERSION = YES;
				CLANG_WARN_DEPRECATED_OBJC_IMPLEMENTATIONS = YES;
				CLANG_WARN_DIRECT_OBJC_ISA_USAGE = YES_ERROR;
				CLANG_WARN_DOCUMENTATION_COMMENTS = YES;
				CLANG_WARN_EMPTY_BODY = YES;
				CLANG_WARN_ENUM_CONVERSION = YES;
				CLANG_WARN_INFINITE_RECURSION = YES;
				CLANG_WARN_INT_CONVERSION = YES;
				CLANG_WARN_NON_LITERAL_NULL_CONVERSION = YES;
				CLANG_WARN_OBJC_IMPLICIT_RETAIN_SELF = YES;
				CLANG_WARN_OBJC_LITERAL_CONVERSION = YES;
				CLANG_WARN_OBJC_ROOT_CLASS = YES_ERROR;
				CLANG_WARN_QUOTED_INCLUDE_IN_FRAMEWORK_HEADER = YES;
				CLANG_WARN_RANGE_LOOP_ANALYSIS = YES;
				CLANG_WARN_STRICT_PROTOTYPES = YES;
				CLANG_WARN_SUSPICIOUS_MOVE = YES;
				CLANG_WARN_UNGUARDED_AVAILABILITY = YES_AGGRESSIVE;
				CLANG_WARN_UNREACHABLE_CODE = YES;
				CLANG_WARN__DUPLICATE_METHOD_MATCH = YES;
				COPY_PHASE_STRIP = NO;
				DEBUG_INFORMATION_FORMAT = "dwarf-with-dsym";
				ENABLE_NS_ASSERTIONS = NO;
				ENABLE_STRICT_OBJC_MSGSEND = YES;
				ENABLE_USER_SCRIPT_SANDBOXING = YES;
				GCC_C_LANGUAGE_STANDARD = gnu17;
				GCC_NO_COMMON_BLOCKS = YES;
				GCC_WARN_64_TO_32_BIT_CONVERSION = YES;
				GCC_WARN_ABOUT_RETURN_TYPE = YES_ERROR;
				GCC_WARN_UNDECLARED_SELECTOR = YES;
				GCC_WARN_UNINITIALIZED_AUTOS = YES_AGGRESSIVE;
				GCC_WARN_UNUSED_FUNCTION = YES;
				GCC_WARN_UNUSED_VARIABLE = YES;
				IPHONEOS_DEPLOYMENT_TARGET = 17.4;
				LOCALIZATION_PREFERS_STRING_CATALOGS = YES;
				MTL_ENABLE_DEBUG_INFO = NO;
				MTL_FAST_MATH = YES;
				SDKROOT = iphoneos;
				SWIFT_COMPILATION_MODE = wholemodule;
				VALIDATE_PRODUCT = YES;
			};
			name = Release;
		};
		B9DA18532BDA3AAC008A6E10 /* Debug */ = {
			isa = XCBuildConfiguration;
			buildSettings = {
				ASSETCATALOG_COMPILER_APPICON_NAME = AppIcon;
				ASSETCATALOG_COMPILER_GLOBAL_ACCENT_COLOR_NAME = AccentColor;
				CODE_SIGN_STYLE = Automatic;
				CURRENT_PROJECT_VERSION = 1;
				DEVELOPMENT_ASSET_PATHS = "\"AccessibilityColorPicker/Preview Content\"";
				DEVELOPMENT_TEAM = N9987K9442;
				ENABLE_PREVIEWS = YES;
				GENERATE_INFOPLIST_FILE = YES;
				INFOPLIST_KEY_UIApplicationSceneManifest_Generation = YES;
				INFOPLIST_KEY_UIApplicationSupportsIndirectInputEvents = YES;
				INFOPLIST_KEY_UILaunchScreen_Generation = YES;
				INFOPLIST_KEY_UISupportedInterfaceOrientations_iPad = "UIInterfaceOrientationPortrait UIInterfaceOrientationPortraitUpsideDown UIInterfaceOrientationLandscapeLeft UIInterfaceOrientationLandscapeRight";
				INFOPLIST_KEY_UISupportedInterfaceOrientations_iPhone = "UIInterfaceOrientationPortrait UIInterfaceOrientationLandscapeLeft UIInterfaceOrientationLandscapeRight";
				LD_RUNPATH_SEARCH_PATHS = (
					"$(inherited)",
					"@executable_path/Frameworks",
				);
				MARKETING_VERSION = 1.0;
				PRODUCT_BUNDLE_IDENTIFIER = bush.alan.james.AccessibilityColorPicker.AccessibilityColorPicker;
				PRODUCT_NAME = "$(TARGET_NAME)";
				SWIFT_EMIT_LOC_STRINGS = YES;
				SWIFT_VERSION = 5.0;
				TARGETED_DEVICE_FAMILY = "1,2";
			};
			name = Debug;
		};
		B9DA18542BDA3AAC008A6E10 /* Release */ = {
			isa = XCBuildConfiguration;
			buildSettings = {
				ASSETCATALOG_COMPILER_APPICON_NAME = AppIcon;
				ASSETCATALOG_COMPILER_GLOBAL_ACCENT_COLOR_NAME = AccentColor;
				CODE_SIGN_STYLE = Automatic;
				CURRENT_PROJECT_VERSION = 1;
				DEVELOPMENT_ASSET_PATHS = "\"AccessibilityColorPicker/Preview Content\"";
				DEVELOPMENT_TEAM = N9987K9442;
				ENABLE_PREVIEWS = YES;
				GENERATE_INFOPLIST_FILE = YES;
				INFOPLIST_KEY_UIApplicationSceneManifest_Generation = YES;
				INFOPLIST_KEY_UIApplicationSupportsIndirectInputEvents = YES;
				INFOPLIST_KEY_UILaunchScreen_Generation = YES;
				INFOPLIST_KEY_UISupportedInterfaceOrientations_iPad = "UIInterfaceOrientationPortrait UIInterfaceOrientationPortraitUpsideDown UIInterfaceOrientationLandscapeLeft UIInterfaceOrientationLandscapeRight";
				INFOPLIST_KEY_UISupportedInterfaceOrientations_iPhone = "UIInterfaceOrientationPortrait UIInterfaceOrientationLandscapeLeft UIInterfaceOrientationLandscapeRight";
				LD_RUNPATH_SEARCH_PATHS = (
					"$(inherited)",
					"@executable_path/Frameworks",
				);
				MARKETING_VERSION = 1.0;
				PRODUCT_BUNDLE_IDENTIFIER = bush.alan.james.AccessibilityColorPicker.AccessibilityColorPicker;
				PRODUCT_NAME = "$(TARGET_NAME)";
				SWIFT_EMIT_LOC_STRINGS = YES;
				SWIFT_VERSION = 5.0;
				TARGETED_DEVICE_FAMILY = "1,2";
			};
			name = Release;
		};
/* End XCBuildConfiguration section */

/* Begin XCConfigurationList section */
		B9DA183F2BDA3AAB008A6E10 /* Build configuration list for PBXProject "AccessibilityColorPicker" */ = {
			isa = XCConfigurationList;
			buildConfigurations = (
				B9DA18502BDA3AAC008A6E10 /* Debug */,
				B9DA18512BDA3AAC008A6E10 /* Release */,
			);
			defaultConfigurationIsVisible = 0;
			defaultConfigurationName = Release;
		};
		B9DA18522BDA3AAC008A6E10 /* Build configuration list for PBXNativeTarget "AccessibilityColorPicker" */ = {
			isa = XCConfigurationList;
			buildConfigurations = (
				B9DA18532BDA3AAC008A6E10 /* Debug */,
				B9DA18542BDA3AAC008A6E10 /* Release */,
			);
			defaultConfigurationIsVisible = 0;
			defaultConfigurationName = Release;
		};
/* End XCConfigurationList section */

/* Begin XCRemoteSwiftPackageReference section */
		B95190002BDFAACB00A6F981 /* XCRemoteSwiftPackageReference "swift-algorithms" */ = {
			isa = XCRemoteSwiftPackageReference;
			repositoryURL = "https://github.com/apple/swift-algorithms.git";
			requirement = {
				kind = upToNextMajorVersion;
				minimumVersion = 1.2.0;
			};
		};
/* End XCRemoteSwiftPackageReference section */

/* Begin XCSwiftPackageProductDependency section */
		B95190012BDFAACB00A6F981 /* Algorithms */ = {
			isa = XCSwiftPackageProductDependency;
			package = B95190002BDFAACB00A6F981 /* XCRemoteSwiftPackageReference "swift-algorithms" */;
			productName = Algorithms;
		};
/* End XCSwiftPackageProductDependency section */
	};
	rootObject = B9DA183C2BDA3AAB008A6E10 /* Project object */;
}
